<?xml version="1.0" encoding="UTF-8" standalone="yes" ?>
<CodeBlocks_project_file>
	<FileVersion major="1" minor="6" />
	<Project>
		<Option title="probando" />
		<Option pch_mode="2" />
		<Option compiler="gcc" />
		<Build>
			<Target title="Debug">
				<Option output="bin/Debug/probando" prefix_auto="1" extension_auto="1" />
				<Option object_output="obj/Debug/" />
				<Option type="1" />
				<Option compiler="gcc" />
				<Compiler>
					<Add option="-g" />
				</Compiler>
			</Target>
			<Target title="Release">
				<Option output="bin/Release/probando" prefix_auto="1" extension_auto="1" />
				<Option object_output="obj/Release/" />
				<Option type="1" />
				<Option compiler="gcc" />
				<Compiler>
					<Add option="-O2" />
				</Compiler>
				<Linker>
					<Add option="-s" />
				</Linker>
			</Target>
		</Build>
		<Compiler>
			<Add option="-Wall" />
			<Add option="-fexceptions" />
		</Compiler>
		<Unit filename="ImplementacionSuma.cpp" />
		<Unit filename="bag.hpp" />
		<Unit filename="config.hpp" />
		<Unit filename="hausdorff_dual.hpp" />
		<Unit filename="link.cpp" />
		<Unit filename="link.hpp" />
		<Unit filename="main.cpp" />
		<Unit filename="observable.cpp" />
		<Unit filename="observable.hpp" />
		<Unit filename="observables/HomogeneityMeasureCoordinationNumber.cpp" />
		<Unit filename="observables/HomogeneityMeasureCoordinationNumber.hpp" />
		<Unit filename="observables/IsotropyMeasureCurvature.cpp" />
		<Unit filename="observables/IsotropyMeasureCurvature.hpp" />
		<Unit filename="observables/IsotropyMeasureCurvatureDual.cpp" />
		<Unit filename="observables/IsotropyMeasureCurvatureDual.hpp" />
		<Unit filename="observables/IsotropyMeasureCurvatureSLBounds.cpp" />
		<Unit filename="observables/IsotropyMeasureCurvatureSLBounds.hpp" />
		<Unit filename="observables/IsotropyMeasureCurvatureSLBoundsDual.cpp" />
		<Unit filename="observables/IsotropyMeasureCurvatureSLBoundsDual.hpp" />
		<Unit filename="observables/IsotropyMeasureVolume.cpp" />
		<Unit filename="observables/IsotropyMeasureVolume.hpp" />
		<Unit filename="observables/hausdorff.cpp" />
		<Unit filename="observables/hausdorff.hpp" />
		<Unit filename="observables/hausdorff_dual.cpp" />
		<Unit filename="observables/hausdorff_dual.hpp" />
		<Unit filename="observables/maxcnum.cpp" />
		<Unit filename="observables/maxcnum.hpp" />
		<Unit filename="observables/ricci.cpp" />
		<Unit filename="observables/ricci.hpp" />
		<Unit filename="observables/ricci_dual.cpp" />
		<Unit filename="observables/ricci_dual.hpp" />
		<Unit filename="observables/ricci_dual_int.cpp" />
		<Unit filename="observables/ricci_dual_int.hpp" />
		<Unit filename="observables/ricci_hist.cpp" />
		<Unit filename="observables/ricci_hist.hpp" />
		<Unit filename="observables/ricci_int.cpp" />
		<Unit filename="observables/ricci_int.hpp" />
		<Unit filename="observables/riccicorrelator.cpp" />
		<Unit filename="observables/riccicorrelator.hpp" />
		<Unit filename="observables/riccih.cpp" />
		<Unit filename="observables/riccih.hpp" />
		<Unit filename="observables/ricciv.cpp" />
		<Unit filename="observables/ricciv.hpp" />
		<Unit filename="observables/volume_profile.cpp" />
		<Unit filename="observables/volume_profile.hpp" />
		<Unit filename="pool.hpp" />
		<Unit filename="simulation.cpp" />
		<Unit filename="simulation.hpp" />
		<Unit filename="triangle.cpp" />
		<Unit filename="triangle.hpp" />
		<Unit filename="universe.cpp" />
		<Unit filename="universe.hpp" />
		<Unit filename="vertex.cpp" />
		<Unit filename="vertex.hpp" />
		<Extensions>
			<lib_finder disable_auto="1" />
		</Extensions>
	</Project>
</CodeBlocks_project_file>
